
Microsoft Visual Studio Solution File, Format Version 12.00
# Visual Studio Version 17
VisualStudioVersion = 17.7.34024.191
MinimumVisualStudioVersion = 10.0.40219.1
Project("{9A19103F-16F7-4668-BE54-9A1E7A4F7556}") = "AlpataTech.MeetingAppDemo.API", "src\AlpataTech.MeetingAppDemo.API\AlpataTech.MeetingAppDemo.API.csproj", "{56545027-9B97-49A0-BDE4-56E4D3D46AA2}"
EndProject
Project("{9A19103F-16F7-4668-BE54-9A1E7A4F7556}") = "AlpataTech.MeetingAppDemo.Entities", "src\AlpataTech.MeetingAppDemo.Entities\AlpataTech.MeetingAppDemo.Entities.csproj", "{09BBD23D-BB8C-4B89-B9D1-542A13C20A92}"
EndProject
Project("{9A19103F-16F7-4668-BE54-9A1E7A4F7556}") = "AlpataTech.MeetingAppDemo.Services", "src\AlpataTech.MeetingAppDemo.Services\AlpataTech.MeetingAppDemo.Services.csproj", "{62CA21DE-830F-4310-91ED-41ADD270E6EC}"
EndProject
Project("{9A19103F-16F7-4668-BE54-9A1E7A4F7556}") = "AlpataTech.MeetingAppDemo.DAL", "src\AlpataTech.MeetingAppDemo.DAL\AlpataTech.MeetingAppDemo.DAL.csproj", "{7288EB46-8019-4E8E-B6B9-AF37E10C0806}"
EndProject
Project("{2150E333-8FDC-42A3-9474-1A3956D46DE8}") = "src", "src", "{219440C1-DA20-4BBA-97B7-0CF304E66970}"
EndProject
Project("{2150E333-8FDC-42A3-9474-1A3956D46DE8}") = "AlpataTech.MeetingAppDemo.LocalFileStorage", "AlpataTech.MeetingAppDemo.LocalFileStorage", "{00DCDA45-9054-4BC3-95F1-A68B7173A161}"
EndProject
Global
	GlobalSection(SolutionConfigurationPlatforms) = preSolution
		Debug|Any CPU = Debug|Any CPU
		Release|Any CPU = Release|Any CPU
	EndGlobalSection
	GlobalSection(ProjectConfigurationPlatforms) = postSolution
		{56545027-9B97-49A0-BDE4-56E4D3D46AA2}.Debug|Any CPU.ActiveCfg = Debug|Any CPU
		{56545027-9B97-49A0-BDE4-56E4D3D46AA2}.Debug|Any CPU.Build.0 = Debug|Any CPU
		{56545027-9B97-49A0-BDE4-56E4D3D46AA2}.Release|Any CPU.ActiveCfg = Release|Any CPU
		{56545027-9B97-49A0-BDE4-56E4D3D46AA2}.Release|Any CPU.Build.0 = Release|Any CPU
		{09BBD23D-BB8C-4B89-B9D1-542A13C20A92}.Debug|Any CPU.ActiveCfg = Debug|Any CPU
		{09BBD23D-BB8C-4B89-B9D1-542A13C20A92}.Debug|Any CPU.Build.0 = Debug|Any CPU
		{09BBD23D-BB8C-4B89-B9D1-542A13C20A92}.Release|Any CPU.ActiveCfg = Release|Any CPU
		{09BBD23D-BB8C-4B89-B9D1-542A13C20A92}.Release|Any CPU.Build.0 = Release|Any CPU
		{62CA21DE-830F-4310-91ED-41ADD270E6EC}.Debug|Any CPU.ActiveCfg = Debug|Any CPU
		{62CA21DE-830F-4310-91ED-41ADD270E6EC}.Debug|Any CPU.Build.0 = Debug|Any CPU
		{62CA21DE-830F-4310-91ED-41ADD270E6EC}.Release|Any CPU.ActiveCfg = Release|Any CPU
		{62CA21DE-830F-4310-91ED-41ADD270E6EC}.Release|Any CPU.Build.0 = Release|Any CPU
		{7288EB46-8019-4E8E-B6B9-AF37E10C0806}.Debug|Any CPU.ActiveCfg = Debug|Any CPU
		{7288EB46-8019-4E8E-B6B9-AF37E10C0806}.Debug|Any CPU.Build.0 = Debug|Any CPU
		{7288EB46-8019-4E8E-B6B9-AF37E10C0806}.Release|Any CPU.ActiveCfg = Release|Any CPU
		{7288EB46-8019-4E8E-B6B9-AF37E10C0806}.Release|Any CPU.Build.0 = Release|Any CPU
	EndGlobalSection
	GlobalSection(SolutionProperties) = preSolution
		HideSolutionNode = FALSE
	EndGlobalSection
	GlobalSection(NestedProjects) = preSolution
		{56545027-9B97-49A0-BDE4-56E4D3D46AA2} = {219440C1-DA20-4BBA-97B7-0CF304E66970}
		{09BBD23D-BB8C-4B89-B9D1-542A13C20A92} = {219440C1-DA20-4BBA-97B7-0CF304E66970}
		{62CA21DE-830F-4310-91ED-41ADD270E6EC} = {219440C1-DA20-4BBA-97B7-0CF304E66970}
		{7288EB46-8019-4E8E-B6B9-AF37E10C0806} = {219440C1-DA20-4BBA-97B7-0CF304E66970}
		{00DCDA45-9054-4BC3-95F1-A68B7173A161} = {219440C1-DA20-4BBA-97B7-0CF304E66970}
	EndGlobalSection
	GlobalSection(ExtensibilityGlobals) = postSolution
		SolutionGuid = {87760C2C-1BDE-4BD6-9A2A-BD6E1A24953C}
	EndGlobalSection
EndGlobal
